// !$*UTF8*$!
{
	archiveVersion = 1;
	classes = {
	};
	objectVersion = 50;
	objects = {

/* Begin PBXBuildFile section */
		A058D4C520F00429002E8730 /* AppDelegate.swift in Sources */ = {isa = PBXBuildFile; fileRef = A058D4C420F00429002E8730 /* AppDelegate.swift */; };
		A058D4C720F00429002E8730 /* ViewController.swift in Sources */ = {isa = PBXBuildFile; fileRef = A058D4C620F00429002E8730 /* ViewController.swift */; };
		A058D4CA20F00429002E8730 /* Main.storyboard in Resources */ = {isa = PBXBuildFile; fileRef = A058D4C820F00429002E8730 /* Main.storyboard */; };
		A058D4CD20F00429002E8730 /* Grumble.xcdatamodeld in Sources */ = {isa = PBXBuildFile; fileRef = A058D4CB20F00429002E8730 /* Grumble.xcdatamodeld */; };
		A058D4CF20F0042A002E8730 /* Assets.xcassets in Resources */ = {isa = PBXBuildFile; fileRef = A058D4CE20F0042A002E8730 /* Assets.xcassets */; };
		A058D4D220F0042A002E8730 /* LaunchScreen.storyboard in Resources */ = {isa = PBXBuildFile; fileRef = A058D4D020F0042A002E8730 /* LaunchScreen.storyboard */; };
		A058D4E820F0042A002E8730 /* GrumbleUITests.swift in Sources */ = {isa = PBXBuildFile; fileRef = A058D4E720F0042A002E8730 /* GrumbleUITests.swift */; };
		A0AE5A7B20F835B60088F924 /* Media.xcassets in Resources */ = {isa = PBXBuildFile; fileRef = A0AE5A7A20F835B60088F924 /* Media.xcassets */; };
		A0AE5A7E210BA8620088F924 /* HomeModel.swift in Sources */ = {isa = PBXBuildFile; fileRef = A0AE5A7D210BA8620088F924 /* HomeModel.swift */; };
		A0AE5A80210BA89A0088F924 /* FoodModel.swift in Sources */ = {isa = PBXBuildFile; fileRef = A0AE5A7F210BA89A0088F924 /* FoodModel.swift */; };
		A0AE5A8221113BF30088F924 /* DetailViewController.swift in Sources */ = {isa = PBXBuildFile; fileRef = A0AE5A8121113BF30088F924 /* DetailViewController.swift */; };
		A0AE5A8521113D1F0088F924 /* MapKit.framework in Frameworks */ = {isa = PBXBuildFile; fileRef = A0AE5A8421113D1F0088F924 /* MapKit.framework */; };
		B7E902E7232190D4002000A0 /* DinnerView.swift in Sources */ = {isa = PBXBuildFile; fileRef = B7E902E6232190D4002000A0 /* DinnerView.swift */; };
		B7E902E923219587002000A0 /* DinnerItem.swift in Sources */ = {isa = PBXBuildFile; fileRef = B7E902E823219587002000A0 /* DinnerItem.swift */; };
/* End PBXBuildFile section */

/* Begin PBXContainerItemProxy section */
		A058D4D920F0042A002E8730 /* PBXContainerItemProxy */ = {
			isa = PBXContainerItemProxy;
			containerPortal = A058D4B920F00429002E8730 /* Project object */;
			proxyType = 1;
			remoteGlobalIDString = A058D4C020F00429002E8730;
			remoteInfo = Grumble;
		};
		A058D4E420F0042A002E8730 /* PBXContainerItemProxy */ = {
			isa = PBXContainerItemProxy;
			containerPortal = A058D4B920F00429002E8730 /* Project object */;
			proxyType = 1;
			remoteGlobalIDString = A058D4C020F00429002E8730;
			remoteInfo = Grumble;
		};
/* End PBXContainerItemProxy section */

/* Begin PBXFileReference section */
		A058D4C120F00429002E8730 /* Grumble.app */ = {isa = PBXFileReference; explicitFileType = wrapper.application; includeInIndex = 0; path = Grumble.app; sourceTree = BUILT_PRODUCTS_DIR; };
		A058D4C420F00429002E8730 /* AppDelegate.swift */ = {isa = PBXFileReference; lastKnownFileType = sourcecode.swift; path = AppDelegate.swift; sourceTree = "<group>"; };
		A058D4C620F00429002E8730 /* ViewController.swift */ = {isa = PBXFileReference; lastKnownFileType = sourcecode.swift; path = ViewController.swift; sourceTree = "<group>"; };
		A058D4C920F00429002E8730 /* Base */ = {isa = PBXFileReference; lastKnownFileType = file.storyboard; name = Base; path = Base.lproj/Main.storyboard; sourceTree = "<group>"; };
		A058D4CC20F00429002E8730 /* Grumble.xcdatamodel */ = {isa = PBXFileReference; lastKnownFileType = wrapper.xcdatamodel; path = Grumble.xcdatamodel; sourceTree = "<group>"; };
		A058D4CE20F0042A002E8730 /* Assets.xcassets */ = {isa = PBXFileReference; lastKnownFileType = folder.assetcatalog; path = Assets.xcassets; sourceTree = "<group>"; };
		A058D4D120F0042A002E8730 /* Base */ = {isa = PBXFileReference; lastKnownFileType = file.storyboard; name = Base; path = Base.lproj/LaunchScreen.storyboard; sourceTree = "<group>"; };
		A058D4D320F0042A002E8730 /* Info.plist */ = {isa = PBXFileReference; lastKnownFileType = text.plist.xml; path = Info.plist; sourceTree = "<group>"; };
		A058D4D820F0042A002E8730 /* GrumbleTests.xctest */ = {isa = PBXFileReference; explicitFileType = wrapper.cfbundle; includeInIndex = 0; path = GrumbleTests.xctest; sourceTree = BUILT_PRODUCTS_DIR; };
		A058D4DE20F0042A002E8730 /* Info.plist */ = {isa = PBXFileReference; lastKnownFileType = text.plist.xml; path = Info.plist; sourceTree = "<group>"; };
		A058D4E320F0042A002E8730 /* GrumbleUITests.xctest */ = {isa = PBXFileReference; explicitFileType = wrapper.cfbundle; includeInIndex = 0; path = GrumbleUITests.xctest; sourceTree = BUILT_PRODUCTS_DIR; };
		A058D4E720F0042A002E8730 /* GrumbleUITests.swift */ = {isa = PBXFileReference; lastKnownFileType = sourcecode.swift; path = GrumbleUITests.swift; sourceTree = "<group>"; };
		A058D4E920F0042A002E8730 /* Info.plist */ = {isa = PBXFileReference; lastKnownFileType = text.plist.xml; path = Info.plist; sourceTree = "<group>"; };
		A0AE5A7A20F835B60088F924 /* Media.xcassets */ = {isa = PBXFileReference; lastKnownFileType = folder.assetcatalog; path = Media.xcassets; sourceTree = "<group>"; };
		A0AE5A7D210BA8620088F924 /* HomeModel.swift */ = {isa = PBXFileReference; lastKnownFileType = sourcecode.swift; path = HomeModel.swift; sourceTree = "<group>"; };
		A0AE5A7F210BA89A0088F924 /* FoodModel.swift */ = {isa = PBXFileReference; lastKnownFileType = sourcecode.swift; path = FoodModel.swift; sourceTree = "<group>"; };
		A0AE5A8121113BF30088F924 /* DetailViewController.swift */ = {isa = PBXFileReference; lastKnownFileType = sourcecode.swift; path = DetailViewController.swift; sourceTree = "<group>"; };
		A0AE5A8421113D1F0088F924 /* MapKit.framework */ = {isa = PBXFileReference; lastKnownFileType = wrapper.framework; name = MapKit.framework; path = System/Library/Frameworks/MapKit.framework; sourceTree = SDKROOT; };
		B7E902E6232190D4002000A0 /* DinnerView.swift */ = {isa = PBXFileReference; lastKnownFileType = sourcecode.swift; path = DinnerView.swift; sourceTree = "<group>"; };
		B7E902E823219587002000A0 /* DinnerItem.swift */ = {isa = PBXFileReference; lastKnownFileType = sourcecode.swift; path = DinnerItem.swift; sourceTree = "<group>"; };
/* End PBXFileReference section */

/* Begin PBXFrameworksBuildPhase section */
		A058D4BE20F00429002E8730 /* Frameworks */ = {
			isa = PBXFrameworksBuildPhase;
			buildActionMask = 2147483647;
			files = (
				A0AE5A8521113D1F0088F924 /* MapKit.framework in Frameworks */,
			);
			runOnlyForDeploymentPostprocessing = 0;
		};
		A058D4D520F0042A002E8730 /* Frameworks */ = {
			isa = PBXFrameworksBuildPhase;
			buildActionMask = 2147483647;
			files = (
			);
			runOnlyForDeploymentPostprocessing = 0;
		};
		A058D4E020F0042A002E8730 /* Frameworks */ = {
			isa = PBXFrameworksBuildPhase;
			buildActionMask = 2147483647;
			files = (
			);
			runOnlyForDeploymentPostprocessing = 0;
		};
/* End PBXFrameworksBuildPhase section */

/* Begin PBXGroup section */
		A058D4B820F00429002E8730 = {
			isa = PBXGroup;
			children = (
				A0AE5A7A20F835B60088F924 /* Media.xcassets */,
				A058D4C320F00429002E8730 /* Grumble */,
				A058D4DB20F0042A002E8730 /* GrumbleTests */,
				A058D4E620F0042A002E8730 /* GrumbleUITests */,
				A058D4C220F00429002E8730 /* Products */,
				A0AE5A8321113D1E0088F924 /* Frameworks */,
			);
			sourceTree = "<group>";
		};
		A058D4C220F00429002E8730 /* Products */ = {
			isa = PBXGroup;
			children = (
				A058D4C120F00429002E8730 /* Grumble.app */,
				A058D4D820F0042A002E8730 /* GrumbleTests.xctest */,
				A058D4E320F0042A002E8730 /* GrumbleUITests.xctest */,
			);
			name = Products;
			sourceTree = "<group>";
		};
		A058D4C320F00429002E8730 /* Grumble */ = {
			isa = PBXGroup;
			children = (
				A058D4C420F00429002E8730 /* AppDelegate.swift */,
				A058D4C620F00429002E8730 /* ViewController.swift */,
				A058D4C820F00429002E8730 /* Main.storyboard */,
				B7E902E6232190D4002000A0 /* DinnerView.swift */,
				B7E902E823219587002000A0 /* DinnerItem.swift */,
				A058D4CE20F0042A002E8730 /* Assets.xcassets */,
				A058D4D020F0042A002E8730 /* LaunchScreen.storyboard */,
				A058D4D320F0042A002E8730 /* Info.plist */,
				A058D4CB20F00429002E8730 /* Grumble.xcdatamodeld */,
				A0AE5A7D210BA8620088F924 /* HomeModel.swift */,
				A0AE5A7F210BA89A0088F924 /* FoodModel.swift */,
				A0AE5A8121113BF30088F924 /* DetailViewController.swift */,
			);
			path = Grumble;
			sourceTree = "<group>";
		};
		A058D4DB20F0042A002E8730 /* GrumbleTests */ = {
			isa = PBXGroup;
			children = (
				A058D4DE20F0042A002E8730 /* Info.plist */,
			);
			path = GrumbleTests;
			sourceTree = "<group>";
		};
		A058D4E620F0042A002E8730 /* GrumbleUITests */ = {
			isa = PBXGroup;
			children = (
				A058D4E720F0042A002E8730 /* GrumbleUITests.swift */,
				A058D4E920F0042A002E8730 /* Info.plist */,
			);
			path = GrumbleUITests;
			sourceTree = "<group>";
		};
		A0AE5A8321113D1E0088F924 /* Frameworks */ = {
			isa = PBXGroup;
			children = (
				A0AE5A8421113D1F0088F924 /* MapKit.framework */,
			);
			name = Frameworks;
			sourceTree = "<group>";
		};
/* End PBXGroup section */

/* Begin PBXNativeTarget section */
		A058D4C020F00429002E8730 /* Grumble */ = {
			isa = PBXNativeTarget;
			buildConfigurationList = A058D4EC20F0042A002E8730 /* Build configuration list for PBXNativeTarget "Grumble" */;
			buildPhases = (
				A058D4BD20F00429002E8730 /* Sources */,
				A058D4BE20F00429002E8730 /* Frameworks */,
				A058D4BF20F00429002E8730 /* Resources */,
			);
			buildRules = (
			);
			dependencies = (
			);
			name = Grumble;
			productName = Grumble;
			productReference = A058D4C120F00429002E8730 /* Grumble.app */;
			productType = "com.apple.product-type.application";
		};
		A058D4D720F0042A002E8730 /* GrumbleTests */ = {
			isa = PBXNativeTarget;
			buildConfigurationList = A058D4EF20F0042A002E8730 /* Build configuration list for PBXNativeTarget "GrumbleTests" */;
			buildPhases = (
				A058D4D420F0042A002E8730 /* Sources */,
				A058D4D520F0042A002E8730 /* Frameworks */,
				A058D4D620F0042A002E8730 /* Resources */,
			);
			buildRules = (
			);
			dependencies = (
				A058D4DA20F0042A002E8730 /* PBXTargetDependency */,
			);
			name = GrumbleTests;
			productName = GrumbleTests;
			productReference = A058D4D820F0042A002E8730 /* GrumbleTests.xctest */;
			productType = "com.apple.product-type.bundle.unit-test";
		};
		A058D4E220F0042A002E8730 /* GrumbleUITests */ = {
			isa = PBXNativeTarget;
			buildConfigurationList = A058D4F220F0042A002E8730 /* Build configuration list for PBXNativeTarget "GrumbleUITests" */;
			buildPhases = (
				A058D4DF20F0042A002E8730 /* Sources */,
				A058D4E020F0042A002E8730 /* Frameworks */,
				A058D4E120F0042A002E8730 /* Resources */,
			);
			buildRules = (
			);
			dependencies = (
				A058D4E520F0042A002E8730 /* PBXTargetDependency */,
			);
			name = GrumbleUITests;
			productName = GrumbleUITests;
			productReference = A058D4E320F0042A002E8730 /* GrumbleUITests.xctest */;
			productType = "com.apple.product-type.bundle.ui-testing";
		};
/* End PBXNativeTarget section */

/* Begin PBXProject section */
		A058D4B920F00429002E8730 /* Project object */ = {
			isa = PBXProject;
			attributes = {
				LastSwiftUpdateCheck = 0940;
				LastUpgradeCheck = 0940;
				ORGANIZATIONNAME = SkyCloud;
				TargetAttributes = {
					A058D4C020F00429002E8730 = {
						CreatedOnToolsVersion = 9.4.1;
						LastSwiftMigration = 1020;
					};
					A058D4D720F0042A002E8730 = {
						CreatedOnToolsVersion = 9.4.1;
						LastSwiftMigration = 1000;
						TestTargetID = A058D4C020F00429002E8730;
					};
					A058D4E220F0042A002E8730 = {
						CreatedOnToolsVersion = 9.4.1;
						LastSwiftMigration = 1020;
						TestTargetID = A058D4C020F00429002E8730;
					};
				};
			};
			buildConfigurationList = A058D4BC20F00429002E8730 /* Build configuration list for PBXProject "Grumble" */;
			compatibilityVersion = "Xcode 9.3";
			developmentRegion = en;
			hasScannedForEncodings = 0;
			knownRegions = (
				en,
				Base,
			);
			mainGroup = A058D4B820F00429002E8730;
			productRefGroup = A058D4C220F00429002E8730 /* Products */;
			projectDirPath = "";
			projectRoot = "";
			targets = (
				A058D4C020F00429002E8730 /* Grumble */,
				A058D4D720F0042A002E8730 /* GrumbleTests */,
				A058D4E220F0042A002E8730 /* GrumbleUITests */,
			);
		};
/* End PBXProject section */

/* Begin PBXResourcesBuildPhase section */
		A058D4BF20F00429002E8730 /* Resources */ = {
			isa = PBXResourcesBuildPhase;
			buildActionMask = 2147483647;
			files = (
				A0AE5A7B20F835B60088F924 /* Media.xcassets in Resources */,
				A058D4D220F0042A002E8730 /* LaunchScreen.storyboard in Resources */,
				A058D4CF20F0042A002E8730 /* Assets.xcassets in Resources */,
				A058D4CA20F00429002E8730 /* Main.storyboard in Resources */,
			);
			runOnlyForDeploymentPostprocessing = 0;
		};
		A058D4D620F0042A002E8730 /* Resources */ = {
			isa = PBXResourcesBuildPhase;
			buildActionMask = 2147483647;
			files = (
			);
			runOnlyForDeploymentPostprocessing = 0;
		};
		A058D4E120F0042A002E8730 /* Resources */ = {
			isa = PBXResourcesBuildPhase;
			buildActionMask = 2147483647;
			files = (
			);
			runOnlyForDeploymentPostprocessing = 0;
		};
/* End PBXResourcesBuildPhase section */

/* Begin PBXSourcesBuildPhase section */
		A058D4BD20F00429002E8730 /* Sources */ = {
			isa = PBXSourcesBuildPhase;
			buildActionMask = 2147483647;
			files = (
				A0AE5A7E210BA8620088F924 /* HomeModel.swift in Sources */,
				A058D4C720F00429002E8730 /* ViewController.swift in Sources */,
				B7E902E923219587002000A0 /* DinnerItem.swift in Sources */,
				A058D4CD20F00429002E8730 /* Grumble.xcdatamodeld in Sources */,
				B7E902E7232190D4002000A0 /* DinnerView.swift in Sources */,
				A0AE5A8221113BF30088F924 /* DetailViewController.swift in Sources */,
				A0AE5A80210BA89A0088F924 /* FoodModel.swift in Sources */,
				A058D4C520F00429002E8730 /* AppDelegate.swift in Sources */,
			);
			runOnlyForDeploymentPostprocessing = 0;
		};
		A058D4D420F0042A002E8730 /* Sources */ = {
			isa = PBXSourcesBuildPhase;
			buildActionMask = 2147483647;
			files = (
			);
			runOnlyForDeploymentPostprocessing = 0;
		};
		A058D4DF20F0042A002E8730 /* Sources */ = {
			isa = PBXSourcesBuildPhase;
			buildActionMask = 2147483647;
			files = (
				A058D4E820F0042A002E8730 /* GrumbleUITests.swift in Sources */,
			);
			runOnlyForDeploymentPostprocessing = 0;
		};
/* End PBXSourcesBuildPhase section */

/* Begin PBXTargetDependency section */
		A058D4DA20F0042A002E8730 /* PBXTargetDependency */ = {
			isa = PBXTargetDependency;
			target = A058D4C020F00429002E8730 /* Grumble */;
			targetProxy = A058D4D920F0042A002E8730 /* PBXContainerItemProxy */;
		};
		A058D4E520F0042A002E8730 /* PBXTargetDependency */ = {
			isa = PBXTargetDependency;
			target = A058D4C020F00429002E8730 /* Grumble */;
			targetProxy = A058D4E420F0042A002E8730 /* PBXContainerItemProxy */;
		};
/* End PBXTargetDependency section */

/* Begin PBXVariantGroup section */
		A058D4C820F00429002E8730 /* Main.storyboard */ = {
			isa = PBXVariantGroup;
			children = (
				A058D4C920F00429002E8730 /* Base */,
			);
			name = Main.storyboard;
			sourceTree = "<group>";
		};
		A058D4D020F0042A002E8730 /* LaunchScreen.storyboard */ = {
			isa = PBXVariantGroup;
			children = (
				A058D4D120F0042A002E8730 /* Base */,
			);
			name = LaunchScreen.storyboard;
			sourceTree = "<group>";
		};
/* End PBXVariantGroup section */

/* Begin XCBuildConfiguration section */
		A058D4EA20F0042A002E8730 /* Debug */ = {
			isa = XCBuildConfiguration;
			buildSettings = {
				ALWAYS_SEARCH_USER_PATHS = NO;
				CLANG_ANALYZER_NONNULL = YES;
				CLANG_ANALYZER_NUMBER_OBJECT_CONVERSION = YES_AGGRESSIVE;
				CLANG_CXX_LANGUAGE_STANDARD = "gnu++14";
				CLANG_CXX_LIBRARY = "libc++";
				CLANG_ENABLE_MODULES = YES;
				CLANG_ENABLE_OBJC_ARC = YES;
				CLANG_ENABLE_OBJC_WEAK = YES;
				CLANG_WARN_BLOCK_CAPTURE_AUTORELEASING = YES;
				CLANG_WARN_BOOL_CONVERSION = YES;
				CLANG_WARN_COMMA = YES;
				CLANG_WARN_CONSTANT_CONVERSION = YES;
				CLANG_WARN_DEPRECATED_OBJC_IMPLEMENTATIONS = YES;
				CLANG_WARN_DIRECT_OBJC_ISA_USAGE = YES_ERROR;
				CLANG_WARN_DOCUMENTATION_COMMENTS = YES;
				CLANG_WARN_EMPTY_BODY = YES;
				CLANG_WARN_ENUM_CONVERSION = YES;
				CLANG_WARN_INFINITE_RECURSION = YES;
				CLANG_WARN_INT_CONVERSION = YES;
				CLANG_WARN_NON_LITERAL_NULL_CONVERSION = YES;
				CLANG_WARN_OBJC_IMPLICIT_RETAIN_SELF = YES;
				CLANG_WARN_OBJC_LITERAL_CONVERSION = YES;
				CLANG_WARN_OBJC_ROOT_CLASS = YES_ERROR;
				CLANG_WARN_RANGE_LOOP_ANALYSIS = YES;
				CLANG_WARN_STRICT_PROTOTYPES = YES;
				CLANG_WARN_SUSPICIOUS_MOVE = YES;
				CLANG_WARN_UNGUARDED_AVAILABILITY = YES_AGGRESSIVE;
				CLANG_WARN_UNREACHABLE_CODE = YES;
				CLANG_WARN__DUPLICATE_METHOD_MATCH = YES;
				CODE_SIGN_IDENTITY = "iPhone Developer";
				COPY_PHASE_STRIP = NO;
				DEBUG_INFORMATION_FORMAT = dwarf;
				ENABLE_STRICT_OBJC_MSGSEND = YES;
				ENABLE_TESTABILITY = YES;
				GCC_C_LANGUAGE_STANDARD = gnu11;
				GCC_DYNAMIC_NO_PIC = NO;
				GCC_NO_COMMON_BLOCKS = YES;
				GCC_OPTIMIZATION_LEVEL = 0;
				GCC_PREPROCESSOR_DEFINITIONS = (
					"DEBUG=1",
					"$(inherited)",
				);
				GCC_WARN_64_TO_32_BIT_CONVERSION = YES;
				GCC_WARN_ABOUT_RETURN_TYPE = YES_ERROR;
				GCC_WARN_UNDECLARED_SELECTOR = YES;
				GCC_WARN_UNINITIALIZED_AUTOS = YES_AGGRESSIVE;
				GCC_WARN_UNUSED_FUNCTION = YES;
				GCC_WARN_UNUSED_VARIABLE = YES;
				IPHONEOS_DEPLOYMENT_TARGET = 11.4;
				MTL_ENABLE_DEBUG_INFO = YES;
				ONLY_ACTIVE_ARCH = YES;
				SDKROOT = iphoneos;
				SWIFT_ACTIVE_COMPILATION_CONDITIONS = DEBUG;
				SWIFT_OPTIMIZATION_LEVEL = "-Onone";
			};
			name = Debug;
		};
		A058D4EB20F0042A002E8730 /* Release */ = {
			isa = XCBuildConfiguration;
			buildSettings = {
				ALWAYS_SEARCH_USER_PATHS = NO;
				CLANG_ANALYZER_NONNULL = YES;
				CLANG_ANALYZER_NUMBER_OBJECT_CONVERSION = YES_AGGRESSIVE;
				CLANG_CXX_LANGUAGE_STANDARD = "gnu++14";
				CLANG_CXX_LIBRARY = "libc++";
				CLANG_ENABLE_MODULES = YES;
				CLANG_ENABLE_OBJC_ARC = YES;
				CLANG_ENABLE_OBJC_WEAK = YES;
				CLANG_WARN_BLOCK_CAPTURE_AUTORELEASING = YES;
				CLANG_WARN_BOOL_CONVERSION = YES;
				CLANG_WARN_COMMA = YES;
				CLANG_WARN_CONSTANT_CONVERSION = YES;
				CLANG_WARN_DEPRECATED_OBJC_IMPLEMENTATIONS = YES;
				CLANG_WARN_DIRECT_OBJC_ISA_USAGE = YES_ERROR;
				CLANG_WARN_DOCUMENTATION_COMMENTS = YES;
				CLANG_WARN_EMPTY_BODY = YES;
				CLANG_WARN_ENUM_CONVERSION = YES;
				CLANG_WARN_INFINITE_RECURSION = YES;
				CLANG_WARN_INT_CONVERSION = YES;
				CLANG_WARN_NON_LITERAL_NULL_CONVERSION = YES;
				CLANG_WARN_OBJC_IMPLICIT_RETAIN_SELF = YES;
				CLANG_WARN_OBJC_LITERAL_CONVERSION = YES;
				CLANG_WARN_OBJC_ROOT_CLASS = YES_ERROR;
				CLANG_WARN_RANGE_LOOP_ANALYSIS = YES;
				CLANG_WARN_STRICT_PROTOTYPES = YES;
				CLANG_WARN_SUSPICIOUS_MOVE = YES;
				CLANG_WARN_UNGUARDED_AVAILABILITY = YES_AGGRESSIVE;
				CLANG_WARN_UNREACHABLE_CODE = YES;
				CLANG_WARN__DUPLICATE_METHOD_MATCH = YES;
				CODE_SIGN_IDENTITY = "iPhone Developer";
				COPY_PHASE_STRIP = NO;
				DEBUG_INFORMATION_FORMAT = "dwarf-with-dsym";
				ENABLE_NS_ASSERTIONS = NO;
				ENABLE_STRICT_OBJC_MSGSEND = YES;
				GCC_C_LANGUAGE_STANDARD = gnu11;
				GCC_NO_COMMON_BLOCKS = YES;
				GCC_WARN_64_TO_32_BIT_CONVERSION = YES;
				GCC_WARN_ABOUT_RETURN_TYPE = YES_ERROR;
				GCC_WARN_UNDECLARED_SELECTOR = YES;
				GCC_WARN_UNINITIALIZED_AUTOS = YES_AGGRESSIVE;
				GCC_WARN_UNUSED_FUNCTION = YES;
				GCC_WARN_UNUSED_VARIABLE = YES;
				IPHONEOS_DEPLOYMENT_TARGET = 11.4;
				MTL_ENABLE_DEBUG_INFO = NO;
				SDKROOT = iphoneos;
				SWIFT_COMPILATION_MODE = wholemodule;
				SWIFT_OPTIMIZATION_LEVEL = "-O";
				VALIDATE_PRODUCT = YES;
			};
			name = Release;
		};
		A058D4ED20F0042A002E8730 /* Debug */ = {
			isa = XCBuildConfiguration;
			buildSettings = {
				ASSETCATALOG_COMPILER_APPICON_NAME = AppIcon;
				CODE_SIGN_STYLE = Automatic;
				DEVELOPMENT_TEAM = 4D2F7TK368;
				INFOPLIST_FILE = Grumble/Info.plist;
				IPHONEOS_DEPLOYMENT_TARGET = 12.0;
				LD_RUNPATH_SEARCH_PATHS = (
					"$(inherited)",
					"@executable_path/Frameworks",
				);
				PRODUCT_BUNDLE_IDENTIFIER = SkyCloud.Grumble;
				PRODUCT_NAME = "$(TARGET_NAME)";
				SWIFT_VERSION = 4.0;
				TARGETED_DEVICE_FAMILY = "1,2";
			};
			name = Debug;
		};
		A058D4EE20F0042A002E8730 /* Release */ = {
			isa = XCBuildConfiguration;
			buildSettings = {
				ASSETCATALOG_COMPILER_APPICON_NAME = AppIcon;
				CODE_SIGN_STYLE = Automatic;
				DEVELOPMENT_TEAM = 4D2F7TK368;
				INFOPLIST_FILE = Grumble/Info.plist;
				IPHONEOS_DEPLOYMENT_TARGET = 12.0;
				LD_RUNPATH_SEARCH_PATHS = (
					"$(inherited)",
					"@executable_path/Frameworks",
				);
				PRODUCT_BUNDLE_IDENTIFIER = SkyCloud.Grumble;
				PRODUCT_NAME = "$(TARGET_NAME)";
				SWIFT_VERSION = 4.0;
				TARGETED_DEVICE_FAMILY = "1,2";
			};
			name = Release;
		};
		A058D4F020F0042A002E8730 /* Debug */ = {
			isa = XCBuildConfiguration;
			buildSettings = {
				ALWAYS_EMBED_SWIFT_STANDARD_LIBRARIES = YES;
				BUNDLE_LOADER = "$(TEST_HOST)";
				CODE_SIGN_STYLE = Automatic;
				INFOPLIST_FILE = GrumbleTests/Info.plist;
				LD_RUNPATH_SEARCH_PATHS = (
					"$(inherited)",
					"@executable_path/Frameworks",
					"@loader_path/Frameworks",
				);
				PRODUCT_BUNDLE_IDENTIFIER = SkyCloud.GrumbleTests;
				PRODUCT_NAME = "$(TARGET_NAME)";
				SWIFT_VERSION = 4.0;
				TARGETED_DEVICE_FAMILY = "1,2";
				TEST_HOST = "$(BUILT_PRODUCTS_DIR)/Grumble.app/Grumble";
			};
			name = Debug;
		};
		A058D4F120F0042A002E8730 /* Release */ = {
			isa = XCBuildConfiguration;
			buildSettings = {
				ALWAYS_EMBED_SWIFT_STANDARD_LIBRARIES = YES;
				BUNDLE_LOADER = "$(TEST_HOST)";
				CODE_SIGN_STYLE = Automatic;
				INFOPLIST_FILE = GrumbleTests/Info.plist;
				LD_RUNPATH_SEARCH_PATHS = (
					"$(inherited)",
					"@executable_path/Frameworks",
					"@loader_path/Frameworks",
				);
				PRODUCT_BUNDLE_IDENTIFIER = SkyCloud.GrumbleTests;
				PRODUCT_NAME = "$(TARGET_NAME)";
				SWIFT_VERSION = 4.0;
				TARGETED_DEVICE_FAMILY = "1,2";
				TEST_HOST = "$(BUILT_PRODUCTS_DIR)/Grumble.app/Grumble";
			};
			name = Release;
		};
		A058D4F320F0042A002E8730 /* Debug */ = {
			isa = XCBuildConfiguration;
			buildSettings = {
				ALWAYS_EMBED_SWIFT_STANDARD_LIBRARIES = YES;
				CODE_SIGN_STYLE = Automatic;
				INFOPLIST_FILE = GrumbleUITests/Info.plist;
				LD_RUNPATH_SEARCH_PATHS = (
					"$(inherited)",
					"@executable_path/Frameworks",
					"@loader_path/Frameworks",
				);
				PRODUCT_BUNDLE_IDENTIFIER = SkyCloud.GrumbleUITests;
				PRODUCT_NAME = "$(TARGET_NAME)";
				SWIFT_VERSION = 4.0;
				TARGETED_DEVICE_FAMILY = "1,2";
				TEST_TARGET_NAME = Grumble;
			};
			name = Debug;
		};
		A058D4F420F0042A002E8730 /* Release */ = {
			isa = XCBuildConfiguration;
			buildSettings = {
				ALWAYS_EMBED_SWIFT_STANDARD_LIBRARIES = YES;
				CODE_SIGN_STYLE = Automatic;
				INFOPLIST_FILE = GrumbleUITests/Info.plist;
				LD_RUNPATH_SEARCH_PATHS = (
					"$(inherited)",
					"@executable_path/Frameworks",
					"@loader_path/Frameworks",
				);
				PRODUCT_BUNDLE_IDENTIFIER = SkyCloud.GrumbleUITests;
				PRODUCT_NAME = "$(TARGET_NAME)";
				SWIFT_VERSION = 4.0;
				TARGETED_DEVICE_FAMILY = "1,2";
				TEST_TARGET_NAME = Grumble;
			};
			name = Release;
		};
/* End XCBuildConfiguration section */

/* Begin XCConfigurationList section */
		A058D4BC20F00429002E8730 /* Build configuration list for PBXProject "Grumble" */ = {
			isa = XCConfigurationList;
			buildConfigurations = (
				A058D4EA20F0042A002E8730 /* Debug */,
				A058D4EB20F0042A002E8730 /* Release */,
			);
			defaultConfigurationIsVisible = 0;
			defaultConfigurationName = Release;
		};
		A058D4EC20F0042A002E8730 /* Build configuration list for PBXNativeTarget "Grumble" */ = {
			isa = XCConfigurationList;
			buildConfigurations = (
				A058D4ED20F0042A002E8730 /* Debug */,
				A058D4EE20F0042A002E8730 /* Release */,
			);
			defaultConfigurationIsVisible = 0;
			defaultConfigurationName = Release;
		};
		A058D4EF20F0042A002E8730 /* Build configuration list for PBXNativeTarget "GrumbleTests" */ = {
			isa = XCConfigurationList;
			buildConfigurations = (
				A058D4F020F0042A002E8730 /* Debug */,
				A058D4F120F0042A002E8730 /* Release */,
			);
			defaultConfigurationIsVisible = 0;
			defaultConfigurationName = Release;
		};
		A058D4F220F0042A002E8730 /* Build configuration list for PBXNativeTarget "GrumbleUITests" */ = {
			isa = XCConfigurationList;
			buildConfigurations = (
				A058D4F320F0042A002E8730 /* Debug */,
				A058D4F420F0042A002E8730 /* Release */,
			);
			defaultConfigurationIsVisible = 0;
			defaultConfigurationName = Release;
		};
/* End XCConfigurationList section */

/* Begin XCVersionGroup section */
		A058D4CB20F00429002E8730 /* Grumble.xcdatamodeld */ = {
			isa = XCVersionGroup;
			children = (
				A058D4CC20F00429002E8730 /* Grumble.xcdatamodel */,
			);
			currentVersion = A058D4CC20F00429002E8730 /* Grumble.xcdatamodel */;
			path = Grumble.xcdatamodeld;
			sourceTree = "<group>";
			versionGroupType = wrapper.xcdatamodel;
		};
/* End XCVersionGroup section */
	};
	rootObject = A058D4B920F00429002E8730 /* Project object */;
}
